
Microsoft Visual Studio Solution File, Format Version 12.00
# Visual Studio Version 16
VisualStudioVersion = 16.0.808.5
MinimumVisualStudioVersion = 10.0.40219.1
Project("{FAE04EC0-301F-11D3-BF4B-00C04F79EFBC}") = "ANDChat", "ANDChat\ANDChat.csproj", "{0199BEC9-CCE0-4879-9DD3-CA1374C12B0B}"
EndProject
Global
	GlobalSection(SolutionConfigurationPlatforms) = preSolution
		Debug|Any CPU = Debug|Any CPU
		Release|Any CPU = Release|Any CPU
	EndGlobalSection
	GlobalSection(ProjectConfigurationPlatforms) = postSolution
		{0199BEC9-CCE0-4879-9DD3-CA1374C12B0B}.Debug|Any CPU.ActiveCfg = Debug|Any CPU
		{0199BEC9-CCE0-4879-9DD3-CA1374C12B0B}.Debug|Any CPU.Build.0 = Debug|Any CPU
		{0199BEC9-CCE0-4879-9DD3-CA1374C12B0B}.Release|Any CPU.ActiveCfg = Release|Any CPU
		{0199BEC9-CCE0-4879-9DD3-CA1374C12B0B}.Release|Any CPU.Build.0 = Release|Any CPU
	EndGlobalSection
	GlobalSection(SolutionProperties) = preSolution
		HideSolutionNode = FALSE
	EndGlobalSection
	GlobalSection(ExtensibilityGlobals) = postSolution
		SolutionGuid = {317949FB-1693-41F6-9785-4F4572111740}
	EndGlobalSection
EndGlobal
